
Microsoft Visual Studio Solution File, Format Version 12.00
# Visual Studio Version 17
VisualStudioVersion = 17.10.35027.167
MinimumVisualStudioVersion = 10.0.40219.1
Project("{2150E333-8FDC-42A3-9474-1A3956D46DE8}") = "src", "src", "{8CB24CA3-D4F2-4785-8AAE-3BA1A77B4C00}"
EndProject
Project("{2150E333-8FDC-42A3-9474-1A3956D46DE8}") = "tests", "tests", "{B1808BA0-2DD7-449A-B38C-48F529E3B6F6}"
EndProject
Project("{2150E333-8FDC-42A3-9474-1A3956D46DE8}") = "deployment", "deployment", "{EDD1BE3F-7C63-489F-A94A-2E34A6CBBA2D}"
EndProject
Project("{9A19103F-16F7-4668-BE54-9A1E7A4F7556}") = "Tinvent.Core", "src\Tinvent.Core\Tinvent.Core.csproj", "{87CA4464-EF8E-47E2-AB28-78A740DF232E}"
EndProject
Project("{9A19103F-16F7-4668-BE54-9A1E7A4F7556}") = "Tinvent.Infrastructre", "src\Tinvent.Infrastructre\Tinvent.Infrastructre.csproj", "{155CFB1B-1D5A-4296-991C-D763DE6D2D6A}"
EndProject
Project("{9A19103F-16F7-4668-BE54-9A1E7A4F7556}") = "Tinvent.StockService", "src\Tinvent.StockService\Tinvent.StockService.csproj", "{15BE206E-2F49-47CD-96DF-705EFC131C9F}"
EndProject
Project("{9A19103F-16F7-4668-BE54-9A1E7A4F7556}") = "Tinvent.Identity", "src\Tinvent.Identity\Tinvent.Identity.csproj", "{66143AD3-B6FD-4C43-A7C9-6F70687BA06F}"
EndProject
Project("{9A19103F-16F7-4668-BE54-9A1E7A4F7556}") = "Tinvent.Shared", "src\Tinvent.Shared\Tinvent.Shared.csproj", "{A8A655F6-7440-4C5A-9164-C9E969E4DE7D}"
EndProject
Project("{9A19103F-16F7-4668-BE54-9A1E7A4F7556}") = "Tinvent.Api", "src\Tinvent.Api\Tinvent.Api.csproj", "{968C499D-AF40-4D30-9A7B-5198582D5B91}"
EndProject
Project("{FAE04EC0-301F-11D3-BF4B-00C04F79EFBC}") = "Tinvent.Client", "src\Tinvent.Client\Tinvent.Client.csproj", "{07DBDF82-A52D-4EA9-B83C-68897B2D7D63}"
EndProject
Global
	GlobalSection(SolutionConfigurationPlatforms) = preSolution
		Debug|Any CPU = Debug|Any CPU
		Release|Any CPU = Release|Any CPU
	EndGlobalSection
	GlobalSection(ProjectConfigurationPlatforms) = postSolution
		{87CA4464-EF8E-47E2-AB28-78A740DF232E}.Debug|Any CPU.ActiveCfg = Debug|Any CPU
		{87CA4464-EF8E-47E2-AB28-78A740DF232E}.Debug|Any CPU.Build.0 = Debug|Any CPU
		{87CA4464-EF8E-47E2-AB28-78A740DF232E}.Release|Any CPU.ActiveCfg = Release|Any CPU
		{87CA4464-EF8E-47E2-AB28-78A740DF232E}.Release|Any CPU.Build.0 = Release|Any CPU
		{155CFB1B-1D5A-4296-991C-D763DE6D2D6A}.Debug|Any CPU.ActiveCfg = Debug|Any CPU
		{155CFB1B-1D5A-4296-991C-D763DE6D2D6A}.Debug|Any CPU.Build.0 = Debug|Any CPU
		{155CFB1B-1D5A-4296-991C-D763DE6D2D6A}.Release|Any CPU.ActiveCfg = Release|Any CPU
		{155CFB1B-1D5A-4296-991C-D763DE6D2D6A}.Release|Any CPU.Build.0 = Release|Any CPU
		{15BE206E-2F49-47CD-96DF-705EFC131C9F}.Debug|Any CPU.ActiveCfg = Debug|Any CPU
		{15BE206E-2F49-47CD-96DF-705EFC131C9F}.Debug|Any CPU.Build.0 = Debug|Any CPU
		{15BE206E-2F49-47CD-96DF-705EFC131C9F}.Release|Any CPU.ActiveCfg = Release|Any CPU
		{15BE206E-2F49-47CD-96DF-705EFC131C9F}.Release|Any CPU.Build.0 = Release|Any CPU
		{66143AD3-B6FD-4C43-A7C9-6F70687BA06F}.Debug|Any CPU.ActiveCfg = Debug|Any CPU
		{66143AD3-B6FD-4C43-A7C9-6F70687BA06F}.Debug|Any CPU.Build.0 = Debug|Any CPU
		{66143AD3-B6FD-4C43-A7C9-6F70687BA06F}.Release|Any CPU.ActiveCfg = Release|Any CPU
		{66143AD3-B6FD-4C43-A7C9-6F70687BA06F}.Release|Any CPU.Build.0 = Release|Any CPU
		{A8A655F6-7440-4C5A-9164-C9E969E4DE7D}.Debug|Any CPU.ActiveCfg = Debug|Any CPU
		{A8A655F6-7440-4C5A-9164-C9E969E4DE7D}.Debug|Any CPU.Build.0 = Debug|Any CPU
		{A8A655F6-7440-4C5A-9164-C9E969E4DE7D}.Release|Any CPU.ActiveCfg = Release|Any CPU
		{A8A655F6-7440-4C5A-9164-C9E969E4DE7D}.Release|Any CPU.Build.0 = Release|Any CPU
		{968C499D-AF40-4D30-9A7B-5198582D5B91}.Debug|Any CPU.ActiveCfg = Debug|Any CPU
		{968C499D-AF40-4D30-9A7B-5198582D5B91}.Debug|Any CPU.Build.0 = Debug|Any CPU
		{968C499D-AF40-4D30-9A7B-5198582D5B91}.Release|Any CPU.ActiveCfg = Release|Any CPU
		{968C499D-AF40-4D30-9A7B-5198582D5B91}.Release|Any CPU.Build.0 = Release|Any CPU
		{07DBDF82-A52D-4EA9-B83C-68897B2D7D63}.Debug|Any CPU.ActiveCfg = Debug|Any CPU
		{07DBDF82-A52D-4EA9-B83C-68897B2D7D63}.Debug|Any CPU.Build.0 = Debug|Any CPU
		{07DBDF82-A52D-4EA9-B83C-68897B2D7D63}.Release|Any CPU.ActiveCfg = Release|Any CPU
		{07DBDF82-A52D-4EA9-B83C-68897B2D7D63}.Release|Any CPU.Build.0 = Release|Any CPU
	EndGlobalSection
	GlobalSection(SolutionProperties) = preSolution
		HideSolutionNode = FALSE
	EndGlobalSection
	GlobalSection(NestedProjects) = preSolution
		{87CA4464-EF8E-47E2-AB28-78A740DF232E} = {8CB24CA3-D4F2-4785-8AAE-3BA1A77B4C00}
		{155CFB1B-1D5A-4296-991C-D763DE6D2D6A} = {8CB24CA3-D4F2-4785-8AAE-3BA1A77B4C00}
		{15BE206E-2F49-47CD-96DF-705EFC131C9F} = {8CB24CA3-D4F2-4785-8AAE-3BA1A77B4C00}
		{66143AD3-B6FD-4C43-A7C9-6F70687BA06F} = {8CB24CA3-D4F2-4785-8AAE-3BA1A77B4C00}
		{A8A655F6-7440-4C5A-9164-C9E969E4DE7D} = {8CB24CA3-D4F2-4785-8AAE-3BA1A77B4C00}
		{968C499D-AF40-4D30-9A7B-5198582D5B91} = {8CB24CA3-D4F2-4785-8AAE-3BA1A77B4C00}
		{07DBDF82-A52D-4EA9-B83C-68897B2D7D63} = {8CB24CA3-D4F2-4785-8AAE-3BA1A77B4C00}
	EndGlobalSection
	GlobalSection(ExtensibilityGlobals) = postSolution
		SolutionGuid = {2A017887-0D40-43F5-A8A6-2E015F390EDD}
	EndGlobalSection
EndGlobal
