
Microsoft Visual Studio Solution File, Format Version 12.00
# Visual Studio Version 17
VisualStudioVersion = 17.10.35027.167
MinimumVisualStudioVersion = 10.0.40219.1
Project("{2150E333-8FDC-42A3-9474-1A3956D46DE8}") = "src", "src", "{8CB24CA3-D4F2-4785-8AAE-3BA1A77B4C00}"
EndProject
Project("{2150E333-8FDC-42A3-9474-1A3956D46DE8}") = "tests", "tests", "{B1808BA0-2DD7-449A-B38C-48F529E3B6F6}"
EndProject
Project("{2150E333-8FDC-42A3-9474-1A3956D46DE8}") = "deployment", "deployment", "{EDD1BE3F-7C63-489F-A94A-2E34A6CBBA2D}"
EndProject
Project("{2150E333-8FDC-42A3-9474-1A3956D46DE8}") = "Core", "Core", "{12F78E06-107B-4F82-A547-BB7CF14982F9}"
EndProject
Project("{2150E333-8FDC-42A3-9474-1A3956D46DE8}") = "Infrastructure", "Infrastructure", "{218741B1-1539-4A75-AC0C-B1EAA28FD745}"
EndProject
Project("{2150E333-8FDC-42A3-9474-1A3956D46DE8}") = "Presentation", "Presentation", "{12F03468-E197-44D2-8E0A-97571EDEE49A}"
EndProject
Project("{9A19103F-16F7-4668-BE54-9A1E7A4F7556}") = "Tinvent.Domain", "src\Core\Tinvent.Domain\Tinvent.Domain.csproj", "{AC86DD56-17B2-48A0-9094-435AFE5D66E4}"
EndProject
Project("{9A19103F-16F7-4668-BE54-9A1E7A4F7556}") = "Tinvent.Application", "src\Core\Tinvent.Application\Tinvent.Application.csproj", "{B8D3A16B-ECD3-4FCC-8462-F48B289D3676}"
EndProject
Project("{9A19103F-16F7-4668-BE54-9A1E7A4F7556}") = "Tinvent.Infrastructure", "src\Infrastructure\Tinvent.Infrastructure\Tinvent.Infrastructure.csproj", "{8B09E805-E2C8-4670-A3C8-BC09D30546FE}"
EndProject
Project("{FAE04EC0-301F-11D3-BF4B-00C04F79EFBC}") = "Tinvent.Api", "src\Presentation\Tinvent.Api\Tinvent.Api.csproj", "{ADB505AA-AA30-4224-BCEB-D35A8C7362C5}"
EndProject
Global
	GlobalSection(SolutionConfigurationPlatforms) = preSolution
		Debug|Any CPU = Debug|Any CPU
		Release|Any CPU = Release|Any CPU
	EndGlobalSection
	GlobalSection(ProjectConfigurationPlatforms) = postSolution
		{AC86DD56-17B2-48A0-9094-435AFE5D66E4}.Debug|Any CPU.ActiveCfg = Debug|Any CPU
		{AC86DD56-17B2-48A0-9094-435AFE5D66E4}.Debug|Any CPU.Build.0 = Debug|Any CPU
		{AC86DD56-17B2-48A0-9094-435AFE5D66E4}.Release|Any CPU.ActiveCfg = Release|Any CPU
		{AC86DD56-17B2-48A0-9094-435AFE5D66E4}.Release|Any CPU.Build.0 = Release|Any CPU
		{B8D3A16B-ECD3-4FCC-8462-F48B289D3676}.Debug|Any CPU.ActiveCfg = Debug|Any CPU
		{B8D3A16B-ECD3-4FCC-8462-F48B289D3676}.Debug|Any CPU.Build.0 = Debug|Any CPU
		{B8D3A16B-ECD3-4FCC-8462-F48B289D3676}.Release|Any CPU.ActiveCfg = Release|Any CPU
		{B8D3A16B-ECD3-4FCC-8462-F48B289D3676}.Release|Any CPU.Build.0 = Release|Any CPU
		{8B09E805-E2C8-4670-A3C8-BC09D30546FE}.Debug|Any CPU.ActiveCfg = Debug|Any CPU
		{8B09E805-E2C8-4670-A3C8-BC09D30546FE}.Debug|Any CPU.Build.0 = Debug|Any CPU
		{8B09E805-E2C8-4670-A3C8-BC09D30546FE}.Release|Any CPU.ActiveCfg = Release|Any CPU
		{8B09E805-E2C8-4670-A3C8-BC09D30546FE}.Release|Any CPU.Build.0 = Release|Any CPU
		{ADB505AA-AA30-4224-BCEB-D35A8C7362C5}.Debug|Any CPU.ActiveCfg = Debug|Any CPU
		{ADB505AA-AA30-4224-BCEB-D35A8C7362C5}.Debug|Any CPU.Build.0 = Debug|Any CPU
		{ADB505AA-AA30-4224-BCEB-D35A8C7362C5}.Release|Any CPU.ActiveCfg = Release|Any CPU
		{ADB505AA-AA30-4224-BCEB-D35A8C7362C5}.Release|Any CPU.Build.0 = Release|Any CPU
	EndGlobalSection
	GlobalSection(SolutionProperties) = preSolution
		HideSolutionNode = FALSE
	EndGlobalSection
	GlobalSection(NestedProjects) = preSolution
		{12F78E06-107B-4F82-A547-BB7CF14982F9} = {8CB24CA3-D4F2-4785-8AAE-3BA1A77B4C00}
		{218741B1-1539-4A75-AC0C-B1EAA28FD745} = {8CB24CA3-D4F2-4785-8AAE-3BA1A77B4C00}
		{12F03468-E197-44D2-8E0A-97571EDEE49A} = {8CB24CA3-D4F2-4785-8AAE-3BA1A77B4C00}
		{AC86DD56-17B2-48A0-9094-435AFE5D66E4} = {12F78E06-107B-4F82-A547-BB7CF14982F9}
		{B8D3A16B-ECD3-4FCC-8462-F48B289D3676} = {12F78E06-107B-4F82-A547-BB7CF14982F9}
		{8B09E805-E2C8-4670-A3C8-BC09D30546FE} = {218741B1-1539-4A75-AC0C-B1EAA28FD745}
		{ADB505AA-AA30-4224-BCEB-D35A8C7362C5} = {12F03468-E197-44D2-8E0A-97571EDEE49A}
	EndGlobalSection
	GlobalSection(ExtensibilityGlobals) = postSolution
		SolutionGuid = {2A017887-0D40-43F5-A8A6-2E015F390EDD}
	EndGlobalSection
EndGlobal
